PODS:
  - CoinbaseSocketSwift (1.0.2):
    - CryptoSwift
  - CryptoSwift (1.0.0)
  - Starscream (3.1.0)

DEPENDENCIES:
  - CoinbaseSocketSwift (from `../`)
  - Starscream (~> 3.1.0)

SPEC REPOS:
  https://github.com/cocoapods/specs.git:
    - CryptoSwift
    - Starscream

EXTERNAL SOURCES:
  CoinbaseSocketSwift:
    :path: "../"

SPEC CHECKSUMS:
  CoinbaseSocketSwift: 1cfa6bdaf552c2a20493dda4fa11c16f9138a3c7
  CryptoSwift: d81eeaa59dc5a8d03720fe919a6fd07b51f7439f
  Starscream: 08172b481e145289c4930cb567230fb55897cfa4

PODFILE CHECKSUM: 9172144983f525cd080fb9b18f998732d4339add

COCOAPODS: 1.7.1
